
Microsoft Visual Studio Solution File, Format Version 12.00
# Visual Studio 15
VisualStudioVersion = 15.0.26430.16
MinimumVisualStudioVersion = 10.0.40219.1
Project("{FAE04EC0-301F-11D3-BF4B-00C04F79EFBC}") = "TTISR", "TTISR\TTISR.csproj", "{E7553E63-CBDB-4C10-97DD-6A3F5A51B4D3}"
EndProject
Global
	GlobalSection(SolutionConfigurationPlatforms) = preSolution
		Debug|Any CPU = Debug|Any CPU
		Release|Any CPU = Release|Any CPU
	EndGlobalSection
	GlobalSection(ProjectConfigurationPlatforms) = postSolution
		{E7553E63-CBDB-4C10-97DD-6A3F5A51B4D3}.Debug|Any CPU.ActiveCfg = Debug|Any CPU
		{E7553E63-CBDB-4C10-97DD-6A3F5A51B4D3}.Debug|Any CPU.Build.0 = Debug|Any CPU
		{E7553E63-CBDB-4C10-97DD-6A3F5A51B4D3}.Release|Any CPU.ActiveCfg = Release|Any CPU
		{E7553E63-CBDB-4C10-97DD-6A3F5A51B4D3}.Release|Any CPU.Build.0 = Release|Any CPU
	EndGlobalSection
	GlobalSection(SolutionProperties) = preSolution
		HideSolutionNode = FALSE
	EndGlobalSection
EndGlobal
